
Microsoft Visual Studio Solution File, Format Version 12.00
# Visual Studio Version 16
VisualStudioVersion = 16.0.29613.14
MinimumVisualStudioVersion = 10.0.40219.1
Project("{FAE04EC0-301F-11D3-BF4B-00C04F79EFBC}") = "AVLTree", "AVLTree\AVLTree.csproj", "{B6948FFD-44C5-4B03-B441-C66CCA8D134D}"
EndProject
Global
	GlobalSection(SolutionConfigurationPlatforms) = preSolution
		Debug|Any CPU = Debug|Any CPU
		Release|Any CPU = Release|Any CPU
	EndGlobalSection
	GlobalSection(ProjectConfigurationPlatforms) = postSolution
		{B6948FFD-44C5-4B03-B441-C66CCA8D134D}.Debug|Any CPU.ActiveCfg = Debug|Any CPU
		{B6948FFD-44C5-4B03-B441-C66CCA8D134D}.Debug|Any CPU.Build.0 = Debug|Any CPU
		{B6948FFD-44C5-4B03-B441-C66CCA8D134D}.Release|Any CPU.ActiveCfg = Release|Any CPU
		{B6948FFD-44C5-4B03-B441-C66CCA8D134D}.Release|Any CPU.Build.0 = Release|Any CPU
	EndGlobalSection
	GlobalSection(SolutionProperties) = preSolution
		HideSolutionNode = FALSE
	EndGlobalSection
	GlobalSection(ExtensibilityGlobals) = postSolution
		SolutionGuid = {F54B07DF-8553-4233-BDF3-BE7181787BB2}
	EndGlobalSection
EndGlobal
